
Microsoft Visual Studio Solution File, Format Version 12.00
# Visual Studio Version 17
VisualStudioVersion = 17.7.34031.279
MinimumVisualStudioVersion = 10.0.40219.1
Project("{F184B08F-C81C-45F6-A57F-5ABD9991F28F}") = "RockPaperScissors", "RockPaperScissors.vbproj", "{C4EF1E2F-10A5-4162-8EB3-D3F5BB8F3BD6}"
EndProject
Global
	GlobalSection(SolutionConfigurationPlatforms) = preSolution
		Debug|Any CPU = Debug|Any CPU
		Release|Any CPU = Release|Any CPU
	EndGlobalSection
	GlobalSection(ProjectConfigurationPlatforms) = postSolution
		{C4EF1E2F-10A5-4162-8EB3-D3F5BB8F3BD6}.Debug|Any CPU.ActiveCfg = Debug|Any CPU
		{C4EF1E2F-10A5-4162-8EB3-D3F5BB8F3BD6}.Debug|Any CPU.Build.0 = Debug|Any CPU
		{C4EF1E2F-10A5-4162-8EB3-D3F5BB8F3BD6}.Release|Any CPU.ActiveCfg = Release|Any CPU
		{C4EF1E2F-10A5-4162-8EB3-D3F5BB8F3BD6}.Release|Any CPU.Build.0 = Release|Any CPU
	EndGlobalSection
	GlobalSection(SolutionProperties) = preSolution
		HideSolutionNode = FALSE
	EndGlobalSection
	GlobalSection(ExtensibilityGlobals) = postSolution
		SolutionGuid = {AE85FFC6-3D0A-45EE-A4BF-21ABE3DC414D}
	EndGlobalSection
EndGlobal
